
Microsoft Visual Studio Solution File, Format Version 12.00
# Visual Studio Version 16
VisualStudioVersion = 16.0.810.15
MinimumVisualStudioVersion = 10.0.40219.1
Project("{FAE04EC0-301F-11D3-BF4B-00C04F79EFBC}") = "name-sorter", "name-sorter\name-sorter.csproj", "{591918F6-4A46-46BF-A479-4D2BF0A497EA}"
EndProject
Project("{FAE04EC0-301F-11D3-BF4B-00C04F79EFBC}") = "PersonTester", "PersonTester\PersonTester.csproj", "{893C25A7-975F-467B-9CCD-51FF571D67A4}"
EndProject
Project("{FAE04EC0-301F-11D3-BF4B-00C04F79EFBC}") = "SorterTester", "SorterTester\SorterTester.csproj", "{817E4773-38F1-4F21-A8A2-AAABF6729782}"
EndProject
Global
	GlobalSection(SolutionConfigurationPlatforms) = preSolution
		Debug|Any CPU = Debug|Any CPU
		Release|Any CPU = Release|Any CPU
	EndGlobalSection
	GlobalSection(ProjectConfigurationPlatforms) = postSolution
		{591918F6-4A46-46BF-A479-4D2BF0A497EA}.Debug|Any CPU.ActiveCfg = Debug|Any CPU
		{591918F6-4A46-46BF-A479-4D2BF0A497EA}.Debug|Any CPU.Build.0 = Debug|Any CPU
		{591918F6-4A46-46BF-A479-4D2BF0A497EA}.Release|Any CPU.ActiveCfg = Release|Any CPU
		{591918F6-4A46-46BF-A479-4D2BF0A497EA}.Release|Any CPU.Build.0 = Release|Any CPU
		{893C25A7-975F-467B-9CCD-51FF571D67A4}.Debug|Any CPU.ActiveCfg = Debug|Any CPU
		{893C25A7-975F-467B-9CCD-51FF571D67A4}.Debug|Any CPU.Build.0 = Debug|Any CPU
		{893C25A7-975F-467B-9CCD-51FF571D67A4}.Release|Any CPU.ActiveCfg = Release|Any CPU
		{893C25A7-975F-467B-9CCD-51FF571D67A4}.Release|Any CPU.Build.0 = Release|Any CPU
		{817E4773-38F1-4F21-A8A2-AAABF6729782}.Debug|Any CPU.ActiveCfg = Debug|Any CPU
		{817E4773-38F1-4F21-A8A2-AAABF6729782}.Debug|Any CPU.Build.0 = Debug|Any CPU
		{817E4773-38F1-4F21-A8A2-AAABF6729782}.Release|Any CPU.ActiveCfg = Release|Any CPU
		{817E4773-38F1-4F21-A8A2-AAABF6729782}.Release|Any CPU.Build.0 = Release|Any CPU
	EndGlobalSection
	GlobalSection(SolutionProperties) = preSolution
		HideSolutionNode = FALSE
	EndGlobalSection
	GlobalSection(ExtensibilityGlobals) = postSolution
		SolutionGuid = {E9FCBA67-2787-4F80-89B0-7D4F81613686}
	EndGlobalSection
EndGlobal
